// !$*UTF8*$!
{
	archiveVersion = 1;
	classes = {
	};
	objectVersion = 56;
	objects = {

/* Begin PBXBuildFile section */
		EFF7D19429945A2900419593 /* button_testApp.swift in Sources */ = {isa = PBXBuildFile; fileRef = EFF7D19329945A2900419593 /* button_testApp.swift */; };
		EFF7D19629945A2900419593 /* ContentView.swift in Sources */ = {isa = PBXBuildFile; fileRef = EFF7D19529945A2900419593 /* ContentView.swift */; };
		EFF7D19829945A2B00419593 /* Assets.xcassets in Resources */ = {isa = PBXBuildFile; fileRef = EFF7D19729945A2B00419593 /* Assets.xcassets */; };
		EFF7D19B29945A2B00419593 /* Preview Assets.xcassets in Resources */ = {isa = PBXBuildFile; fileRef = EFF7D19A29945A2B00419593 /* Preview Assets.xcassets */; };
		EFF7D1A529945A2B00419593 /* button_testTests.swift in Sources */ = {isa = PBXBuildFile; fileRef = EFF7D1A429945A2B00419593 /* button_testTests.swift */; };
		EFF7D1AF29945A2B00419593 /* button_testUITests.swift in Sources */ = {isa = PBXBuildFile; fileRef = EFF7D1AE29945A2B00419593 /* button_testUITests.swift */; };
		EFF7D1B129945A2B00419593 /* button_testUITestsLaunchTests.swift in Sources */ = {isa = PBXBuildFile; fileRef = EFF7D1B029945A2B00419593 /* button_testUITestsLaunchTests.swift */; };
/* End PBXBuildFile section */

/* Begin PBXContainerItemProxy section */
		EFF7D1A129945A2B00419593 /* PBXContainerItemProxy */ = {
			isa = PBXContainerItemProxy;
			containerPortal = EFF7D18829945A2800419593 /* Project object */;
			proxyType = 1;
			remoteGlobalIDString = EFF7D18F29945A2900419593;
			remoteInfo = "button test";
		};
		EFF7D1AB29945A2B00419593 /* PBXContainerItemProxy */ = {
			isa = PBXContainerItemProxy;
			containerPortal = EFF7D18829945A2800419593 /* Project object */;
			proxyType = 1;
			remoteGlobalIDString = EFF7D18F29945A2900419593;
			remoteInfo = "button test";
		};
/* End PBXContainerItemProxy section */

/* Begin PBXFileReference section */
		EFF7D19029945A2900419593 /* button test.app */ = {isa = PBXFileReference; explicitFileType = wrapper.application; includeInIndex = 0; path = "button test.app"; sourceTree = BUILT_PRODUCTS_DIR; };
		EFF7D19329945A2900419593 /* button_testApp.swift */ = {isa = PBXFileReference; lastKnownFileType = sourcecode.swift; path = button_testApp.swift; sourceTree = "<group>"; };
		EFF7D19529945A2900419593 /* ContentView.swift */ = {isa = PBXFileReference; lastKnownFileType = sourcecode.swift; path = ContentView.swift; sourceTree = "<group>"; };
		EFF7D19729945A2B00419593 /* Assets.xcassets */ = {isa = PBXFileReference; lastKnownFileType = folder.assetcatalog; path = Assets.xcassets; sourceTree = "<group>"; };
		EFF7D19A29945A2B00419593 /* Preview Assets.xcassets */ = {isa = PBXFileReference; lastKnownFileType = folder.assetcatalog; path = "Preview Assets.xcassets"; sourceTree = "<group>"; };
		EFF7D1A029945A2B00419593 /* button testTests.xctest */ = {isa = PBXFileReference; explicitFileType = wrapper.cfbundle; includeInIndex = 0; path = "button testTests.xctest"; sourceTree = BUILT_PRODUCTS_DIR; };
		EFF7D1A429945A2B00419593 /* button_testTests.swift */ = {isa = PBXFileReference; lastKnownFileType = sourcecode.swift; path = button_testTests.swift; sourceTree = "<group>"; };
		EFF7D1AA29945A2B00419593 /* button testUITests.xctest */ = {isa = PBXFileReference; explicitFileType = wrapper.cfbundle; includeInIndex = 0; path = "button testUITests.xctest"; sourceTree = BUILT_PRODUCTS_DIR; };
		EFF7D1AE29945A2B00419593 /* button_testUITests.swift */ = {isa = PBXFileReference; lastKnownFileType = sourcecode.swift; path = button_testUITests.swift; sourceTree = "<group>"; };
		EFF7D1B029945A2B00419593 /* button_testUITestsLaunchTests.swift */ = {isa = PBXFileReference; lastKnownFileType = sourcecode.swift; path = button_testUITestsLaunchTests.swift; sourceTree = "<group>"; };
/* End PBXFileReference section */

/* Begin PBXFrameworksBuildPhase section */
		EFF7D18D29945A2900419593 /* Frameworks */ = {
			isa = PBXFrameworksBuildPhase;
			buildActionMask = 2147483647;
			files = (
			);
			runOnlyForDeploymentPostprocessing = 0;
		};
		EFF7D19D29945A2B00419593 /* Frameworks */ = {
			isa = PBXFrameworksBuildPhase;
			buildActionMask = 2147483647;
			files = (
			);
			runOnlyForDeploymentPostprocessing = 0;
		};
		EFF7D1A729945A2B00419593 /* Frameworks */ = {
			isa = PBXFrameworksBuildPhase;
			buildActionMask = 2147483647;
			files = (
			);
			runOnlyForDeploymentPostprocessing = 0;
		};
/* End PBXFrameworksBuildPhase section */

/* Begin PBXGroup section */
		EFF7D18729945A2800419593 = {
			isa = PBXGroup;
			children = (
				EFF7D19229945A2900419593 /* button test */,
				EFF7D1A329945A2B00419593 /* button testTests */,
				EFF7D1AD29945A2B00419593 /* button testUITests */,
				EFF7D19129945A2900419593 /* Products */,
			);
			sourceTree = "<group>";
		};
		EFF7D19129945A2900419593 /* Products */ = {
			isa = PBXGroup;
			children = (
				EFF7D19029945A2900419593 /* button test.app */,
				EFF7D1A029945A2B00419593 /* button testTests.xctest */,
				EFF7D1AA29945A2B00419593 /* button testUITests.xctest */,
			);
			name = Products;
			sourceTree = "<group>";
		};
		EFF7D19229945A2900419593 /* button test */ = {
			isa = PBXGroup;
			children = (
				EFF7D19329945A2900419593 /* button_testApp.swift */,
				EFF7D19529945A2900419593 /* ContentView.swift */,
				EFF7D19729945A2B00419593 /* Assets.xcassets */,
				EFF7D19929945A2B00419593 /* Preview Content */,
			);
			path = "button test";
			sourceTree = "<group>";
		};
		EFF7D19929945A2B00419593 /* Preview Content */ = {
			isa = PBXGroup;
			children = (
				EFF7D19A29945A2B00419593 /* Preview Assets.xcassets */,
			);
			path = "Preview Content";
			sourceTree = "<group>";
		};
		EFF7D1A329945A2B00419593 /* button testTests */ = {
			isa = PBXGroup;
			children = (
				EFF7D1A429945A2B00419593 /* button_testTests.swift */,
			);
			path = "button testTests";
			sourceTree = "<group>";
		};
		EFF7D1AD29945A2B00419593 /* button testUITests */ = {
			isa = PBXGroup;
			children = (
				EFF7D1AE29945A2B00419593 /* button_testUITests.swift */,
				EFF7D1B029945A2B00419593 /* button_testUITestsLaunchTests.swift */,
			);
			path = "button testUITests";
			sourceTree = "<group>";
		};
/* End PBXGroup section */

/* Begin PBXNativeTarget section */
		EFF7D18F29945A2900419593 /* button test */ = {
			isa = PBXNativeTarget;
			buildConfigurationList = EFF7D1B429945A2B00419593 /* Build configuration list for PBXNativeTarget "button test" */;
			buildPhases = (
				EFF7D18C29945A2900419593 /* Sources */,
				EFF7D18D29945A2900419593 /* Frameworks */,
				EFF7D18E29945A2900419593 /* Resources */,
			);
			buildRules = (
			);
			dependencies = (
			);
			name = "button test";
			productName = "button test";
			productReference = EFF7D19029945A2900419593 /* button test.app */;
			productType = "com.apple.product-type.application";
		};
		EFF7D19F29945A2B00419593 /* button testTests */ = {
			isa = PBXNativeTarget;
			buildConfigurationList = EFF7D1B729945A2B00419593 /* Build configuration list for PBXNativeTarget "button testTests" */;
			buildPhases = (
				EFF7D19C29945A2B00419593 /* Sources */,
				EFF7D19D29945A2B00419593 /* Frameworks */,
				EFF7D19E29945A2B00419593 /* Resources */,
			);
			buildRules = (
			);
			dependencies = (
				EFF7D1A229945A2B00419593 /* PBXTargetDependency */,
			);
			name = "button testTests";
			productName = "button testTests";
			productReference = EFF7D1A029945A2B00419593 /* button testTests.xctest */;
			productType = "com.apple.product-type.bundle.unit-test";
		};
		EFF7D1A929945A2B00419593 /* button testUITests */ = {
			isa = PBXNativeTarget;
			buildConfigurationList = EFF7D1BA29945A2B00419593 /* Build configuration list for PBXNativeTarget "button testUITests" */;
			buildPhases = (
				EFF7D1A629945A2B00419593 /* Sources */,
				EFF7D1A729945A2B00419593 /* Frameworks */,
				EFF7D1A829945A2B00419593 /* Resources */,
			);
			buildRules = (
			);
			dependencies = (
				EFF7D1AC29945A2B00419593 /* PBXTargetDependency */,
			);
			name = "button testUITests";
			productName = "button testUITests";
			productReference = EFF7D1AA29945A2B00419593 /* button testUITests.xctest */;
			productType = "com.apple.product-type.bundle.ui-testing";
		};
/* End PBXNativeTarget section */

/* Begin PBXProject section */
		EFF7D18829945A2800419593 /* Project object */ = {
			isa = PBXProject;
			attributes = {
				BuildIndependentTargetsInParallel = 1;
				LastSwiftUpdateCheck = 1420;
				LastUpgradeCheck = 1420;
				TargetAttributes = {
					EFF7D18F29945A2900419593 = {
						CreatedOnToolsVersion = 14.2;
					};
					EFF7D19F29945A2B00419593 = {
						CreatedOnToolsVersion = 14.2;
						TestTargetID = EFF7D18F29945A2900419593;
					};
					EFF7D1A929945A2B00419593 = {
						CreatedOnToolsVersion = 14.2;
						TestTargetID = EFF7D18F29945A2900419593;
					};
				};
			};
			buildConfigurationList = EFF7D18B29945A2800419593 /* Build configuration list for PBXProject "button test" */;
			compatibilityVersion = "Xcode 14.0";
			developmentRegion = en;
			hasScannedForEncodings = 0;
			knownRegions = (
				en,
				Base,
			);
			mainGroup = EFF7D18729945A2800419593;
			productRefGroup = EFF7D19129945A2900419593 /* Products */;
			projectDirPath = "";
			projectRoot = "";
			targets = (
				EFF7D18F29945A2900419593 /* button test */,
				EFF7D19F29945A2B00419593 /* button testTests */,
				EFF7D1A929945A2B00419593 /* button testUITests */,
			);
		};
/* End PBXProject section */

/* Begin PBXResourcesBuildPhase section */
		EFF7D18E29945A2900419593 /* Resources */ = {
			isa = PBXResourcesBuildPhase;
			buildActionMask = 2147483647;
			files = (
				EFF7D19B29945A2B00419593 /* Preview Assets.xcassets in Resources */,
				EFF7D19829945A2B00419593 /* Assets.xcassets in Resources */,
			);
			runOnlyForDeploymentPostprocessing = 0;
		};
		EFF7D19E29945A2B00419593 /* Resources */ = {
			isa = PBXResourcesBuildPhase;
			buildActionMask = 2147483647;
			files = (
			);
			runOnlyForDeploymentPostprocessing = 0;
		};
		EFF7D1A829945A2B00419593 /* Resources */ = {
			isa = PBXResourcesBuildPhase;
			buildActionMask = 2147483647;
			files = (
			);
			runOnlyForDeploymentPostprocessing = 0;
		};
/* End PBXResourcesBuildPhase section */

/* Begin PBXSourcesBuildPhase section */
		EFF7D18C29945A2900419593 /* Sources */ = {
			isa = PBXSourcesBuildPhase;
			buildActionMask = 2147483647;
			files = (
				EFF7D19629945A2900419593 /* ContentView.swift in Sources */,
				EFF7D19429945A2900419593 /* button_testApp.swift in Sources */,
			);
			runOnlyForDeploymentPostprocessing = 0;
		};
		EFF7D19C29945A2B00419593 /* Sources */ = {
			isa = PBXSourcesBuildPhase;
			buildActionMask = 2147483647;
			files = (
				EFF7D1A529945A2B00419593 /* button_testTests.swift in Sources */,
			);
			runOnlyForDeploymentPostprocessing = 0;
		};
		EFF7D1A629945A2B00419593 /* Sources */ = {
			isa = PBXSourcesBuildPhase;
			buildActionMask = 2147483647;
			files = (
				EFF7D1B129945A2B00419593 /* button_testUITestsLaunchTests.swift in Sources */,
				EFF7D1AF29945A2B00419593 /* button_testUITests.swift in Sources */,
			);
			runOnlyForDeploymentPostprocessing = 0;
		};
/* End PBXSourcesBuildPhase section */

/* Begin PBXTargetDependency section */
		EFF7D1A229945A2B00419593 /* PBXTargetDependency */ = {
			isa = PBXTargetDependency;
			target = EFF7D18F29945A2900419593 /* button test */;
			targetProxy = EFF7D1A129945A2B00419593 /* PBXContainerItemProxy */;
		};
		EFF7D1AC29945A2B00419593 /* PBXTargetDependency */ = {
			isa = PBXTargetDependency;
			target = EFF7D18F29945A2900419593 /* button test */;
			targetProxy = EFF7D1AB29945A2B00419593 /* PBXContainerItemProxy */;
		};
/* End PBXTargetDependency section */

/* Begin XCBuildConfiguration section */
		EFF7D1B229945A2B00419593 /* Debug */ = {
			isa = XCBuildConfiguration;
			buildSettings = {
				ALWAYS_SEARCH_USER_PATHS = NO;
				CLANG_ANALYZER_NONNULL = YES;
				CLANG_ANALYZER_NUMBER_OBJECT_CONVERSION = YES_AGGRESSIVE;
				CLANG_CXX_LANGUAGE_STANDARD = "gnu++20";
				CLANG_ENABLE_MODULES = YES;
				CLANG_ENABLE_OBJC_ARC = YES;
				CLANG_ENABLE_OBJC_WEAK = YES;
				CLANG_WARN_BLOCK_CAPTURE_AUTORELEASING = YES;
				CLANG_WARN_BOOL_CONVERSION = YES;
				CLANG_WARN_COMMA = YES;
				CLANG_WARN_CONSTANT_CONVERSION = YES;
				CLANG_WARN_DEPRECATED_OBJC_IMPLEMENTATIONS = YES;
				CLANG_WARN_DIRECT_OBJC_ISA_USAGE = YES_ERROR;
				CLANG_WARN_DOCUMENTATION_COMMENTS = YES;
				CLANG_WARN_EMPTY_BODY = YES;
				CLANG_WARN_ENUM_CONVERSION = YES;
				CLANG_WARN_INFINITE_RECURSION = YES;
				CLANG_WARN_INT_CONVERSION = YES;
				CLANG_WARN_NON_LITERAL_NULL_CONVERSION = YES;
				CLANG_WARN_OBJC_IMPLICIT_RETAIN_SELF = YES;
				CLANG_WARN_OBJC_LITERAL_CONVERSION = YES;
				CLANG_WARN_OBJC_ROOT_CLASS = YES_ERROR;
				CLANG_WARN_QUOTED_INCLUDE_IN_FRAMEWORK_HEADER = YES;
				CLANG_WARN_RANGE_LOOP_ANALYSIS = YES;
				CLANG_WARN_STRICT_PROTOTYPES = YES;
				CLANG_WARN_SUSPICIOUS_MOVE = YES;
				CLANG_WARN_UNGUARDED_AVAILABILITY = YES_AGGRESSIVE;
				CLANG_WARN_UNREACHABLE_CODE = YES;
				CLANG_WARN__DUPLICATE_METHOD_MATCH = YES;
				COPY_PHASE_STRIP = NO;
				DEBUG_INFORMATION_FORMAT = dwarf;
				ENABLE_STRICT_OBJC_MSGSEND = YES;
				ENABLE_TESTABILITY = YES;
				GCC_C_LANGUAGE_STANDARD = gnu11;
				GCC_DYNAMIC_NO_PIC = NO;
				GCC_NO_COMMON_BLOCKS = YES;
				GCC_OPTIMIZATION_LEVEL = 0;
				GCC_PREPROCESSOR_DEFINITIONS = (
					"DEBUG=1",
					"$(inherited)",
				);
				GCC_WARN_64_TO_32_BIT_CONVERSION = YES;
				GCC_WARN_ABOUT_RETURN_TYPE = YES_ERROR;
				GCC_WARN_UNDECLARED_SELECTOR = YES;
				GCC_WARN_UNINITIALIZED_AUTOS = YES_AGGRESSIVE;
				GCC_WARN_UNUSED_FUNCTION = YES;
				GCC_WARN_UNUSED_VARIABLE = YES;
				IPHONEOS_DEPLOYMENT_TARGET = 16.2;
				MTL_ENABLE_DEBUG_INFO = INCLUDE_SOURCE;
				MTL_FAST_MATH = YES;
				ONLY_ACTIVE_ARCH = YES;
				SDKROOT = iphoneos;
				SWIFT_ACTIVE_COMPILATION_CONDITIONS = DEBUG;
				SWIFT_OPTIMIZATION_LEVEL = "-Onone";
			};
			name = Debug;
		};
		EFF7D1B329945A2B00419593 /* Release */ = {
			isa = XCBuildConfiguration;
			buildSettings = {
				ALWAYS_SEARCH_USER_PATHS = NO;
				CLANG_ANALYZER_NONNULL = YES;
				CLANG_ANALYZER_NUMBER_OBJECT_CONVERSION = YES_AGGRESSIVE;
				CLANG_CXX_LANGUAGE_STANDARD = "gnu++20";
				CLANG_ENABLE_MODULES = YES;
				CLANG_ENABLE_OBJC_ARC = YES;
				CLANG_ENABLE_OBJC_WEAK = YES;
				CLANG_WARN_BLOCK_CAPTURE_AUTORELEASING = YES;
				CLANG_WARN_BOOL_CONVERSION = YES;
				CLANG_WARN_COMMA = YES;
				CLANG_WARN_CONSTANT_CONVERSION = YES;
				CLANG_WARN_DEPRECATED_OBJC_IMPLEMENTATIONS = YES;
				CLANG_WARN_DIRECT_OBJC_ISA_USAGE = YES_ERROR;
				CLANG_WARN_DOCUMENTATION_COMMENTS = YES;
				CLANG_WARN_EMPTY_BODY = YES;
				CLANG_WARN_ENUM_CONVERSION = YES;
				CLANG_WARN_INFINITE_RECURSION = YES;
				CLANG_WARN_INT_CONVERSION = YES;
				CLANG_WARN_NON_LITERAL_NULL_CONVERSION = YES;
				CLANG_WARN_OBJC_IMPLICIT_RETAIN_SELF = YES;
				CLANG_WARN_OBJC_LITERAL_CONVERSION = YES;
				CLANG_WARN_OBJC_ROOT_CLASS = YES_ERROR;
				CLANG_WARN_QUOTED_INCLUDE_IN_FRAMEWORK_HEADER = YES;
				CLANG_WARN_RANGE_LOOP_ANALYSIS = YES;
				CLANG_WARN_STRICT_PROTOTYPES = YES;
				CLANG_WARN_SUSPICIOUS_MOVE = YES;
				CLANG_WARN_UNGUARDED_AVAILABILITY = YES_AGGRESSIVE;
				CLANG_WARN_UNREACHABLE_CODE = YES;
				CLANG_WARN__DUPLICATE_METHOD_MATCH = YES;
				COPY_PHASE_STRIP = NO;
				DEBUG_INFORMATION_FORMAT = "dwarf-with-dsym";
				ENABLE_NS_ASSERTIONS = NO;
				ENABLE_STRICT_OBJC_MSGSEND = YES;
				GCC_C_LANGUAGE_STANDARD = gnu11;
				GCC_NO_COMMON_BLOCKS = YES;
				GCC_WARN_64_TO_32_BIT_CONVERSION = YES;
				GCC_WARN_ABOUT_RETURN_TYPE = YES_ERROR;
				GCC_WARN_UNDECLARED_SELECTOR = YES;
				GCC_WARN_UNINITIALIZED_AUTOS = YES_AGGRESSIVE;
				GCC_WARN_UNUSED_FUNCTION = YES;
				GCC_WARN_UNUSED_VARIABLE = YES;
				IPHONEOS_DEPLOYMENT_TARGET = 16.2;
				MTL_ENABLE_DEBUG_INFO = NO;
				MTL_FAST_MATH = YES;
				SDKROOT = iphoneos;
				SWIFT_COMPILATION_MODE = wholemodule;
				SWIFT_OPTIMIZATION_LEVEL = "-O";
				VALIDATE_PRODUCT = YES;
			};
			name = Release;
		};
		EFF7D1B529945A2B00419593 /* Debug */ = {
			isa = XCBuildConfiguration;
			buildSettings = {
				ASSETCATALOG_COMPILER_APPICON_NAME = AppIcon;
				ASSETCATALOG_COMPILER_GLOBAL_ACCENT_COLOR_NAME = AccentColor;
				CODE_SIGN_STYLE = Automatic;
				CURRENT_PROJECT_VERSION = 1;
				DEVELOPMENT_ASSET_PATHS = "\"button test/Preview Content\"";
				ENABLE_PREVIEWS = YES;
				GENERATE_INFOPLIST_FILE = YES;
				INFOPLIST_KEY_UIApplicationSceneManifest_Generation = YES;
				INFOPLIST_KEY_UIApplicationSupportsIndirectInputEvents = YES;
				INFOPLIST_KEY_UILaunchScreen_Generation = YES;
				INFOPLIST_KEY_UISupportedInterfaceOrientations_iPad = "UIInterfaceOrientationPortrait UIInterfaceOrientationPortraitUpsideDown UIInterfaceOrientationLandscapeLeft UIInterfaceOrientationLandscapeRight";
				INFOPLIST_KEY_UISupportedInterfaceOrientations_iPhone = "UIInterfaceOrientationPortrait UIInterfaceOrientationLandscapeLeft UIInterfaceOrientationLandscapeRight";
				LD_RUNPATH_SEARCH_PATHS = (
					"$(inherited)",
					"@executable_path/Frameworks",
				);
				MARKETING_VERSION = 1.0;
				PRODUCT_BUNDLE_IDENTIFIER = "dev.rvye.button-test";
				PRODUCT_NAME = "$(TARGET_NAME)";
				SWIFT_EMIT_LOC_STRINGS = YES;
				SWIFT_VERSION = 5.0;
				TARGETED_DEVICE_FAMILY = "1,2";
			};
			name = Debug;
		};
		EFF7D1B629945A2B00419593 /* Release */ = {
			isa = XCBuildConfiguration;
			buildSettings = {
				ASSETCATALOG_COMPILER_APPICON_NAME = AppIcon;
				ASSETCATALOG_COMPILER_GLOBAL_ACCENT_COLOR_NAME = AccentColor;
				CODE_SIGN_STYLE = Automatic;
				CURRENT_PROJECT_VERSION = 1;
				DEVELOPMENT_ASSET_PATHS = "\"button test/Preview Content\"";
				ENABLE_PREVIEWS = YES;
				GENERATE_INFOPLIST_FILE = YES;
				INFOPLIST_KEY_UIApplicationSceneManifest_Generation = YES;
				INFOPLIST_KEY_UIApplicationSupportsIndirectInputEvents = YES;
				INFOPLIST_KEY_UILaunchScreen_Generation = YES;
				INFOPLIST_KEY_UISupportedInterfaceOrientations_iPad = "UIInterfaceOrientationPortrait UIInterfaceOrientationPortraitUpsideDown UIInterfaceOrientationLandscapeLeft UIInterfaceOrientationLandscapeRight";
				INFOPLIST_KEY_UISupportedInterfaceOrientations_iPhone = "UIInterfaceOrientationPortrait UIInterfaceOrientationLandscapeLeft UIInterfaceOrientationLandscapeRight";
				LD_RUNPATH_SEARCH_PATHS = (
					"$(inherited)",
					"@executable_path/Frameworks",
				);
				MARKETING_VERSION = 1.0;
				PRODUCT_BUNDLE_IDENTIFIER = "dev.rvye.button-test";
				PRODUCT_NAME = "$(TARGET_NAME)";
				SWIFT_EMIT_LOC_STRINGS = YES;
				SWIFT_VERSION = 5.0;
				TARGETED_DEVICE_FAMILY = "1,2";
			};
			name = Release;
		};
		EFF7D1B829945A2B00419593 /* Debug */ = {
			isa = XCBuildConfiguration;
			buildSettings = {
				ALWAYS_EMBED_SWIFT_STANDARD_LIBRARIES = YES;
				BUNDLE_LOADER = "$(TEST_HOST)";
				CODE_SIGN_STYLE = Automatic;
				CURRENT_PROJECT_VERSION = 1;
				GENERATE_INFOPLIST_FILE = YES;
				IPHONEOS_DEPLOYMENT_TARGET = 16.2;
				MARKETING_VERSION = 1.0;
				PRODUCT_BUNDLE_IDENTIFIER = "dev.rvye.button-testTests";
				PRODUCT_NAME = "$(TARGET_NAME)";
				SWIFT_EMIT_LOC_STRINGS = NO;
				SWIFT_VERSION = 5.0;
				TARGETED_DEVICE_FAMILY = "1,2";
				TEST_HOST = "$(BUILT_PRODUCTS_DIR)/button test.app/$(BUNDLE_EXECUTABLE_FOLDER_PATH)/button test";
			};
			name = Debug;
		};
		EFF7D1B929945A2B00419593 /* Release */ = {
			isa = XCBuildConfiguration;
			buildSettings = {
				ALWAYS_EMBED_SWIFT_STANDARD_LIBRARIES = YES;
				BUNDLE_LOADER = "$(TEST_HOST)";
				CODE_SIGN_STYLE = Automatic;
				CURRENT_PROJECT_VERSION = 1;
				GENERATE_INFOPLIST_FILE = YES;
				IPHONEOS_DEPLOYMENT_TARGET = 16.2;
				MARKETING_VERSION = 1.0;
				PRODUCT_BUNDLE_IDENTIFIER = "dev.rvye.button-testTests";
				PRODUCT_NAME = "$(TARGET_NAME)";
				SWIFT_EMIT_LOC_STRINGS = NO;
				SWIFT_VERSION = 5.0;
				TARGETED_DEVICE_FAMILY = "1,2";
				TEST_HOST = "$(BUILT_PRODUCTS_DIR)/button test.app/$(BUNDLE_EXECUTABLE_FOLDER_PATH)/button test";
			};
			name = Release;
		};
		EFF7D1BB29945A2B00419593 /* Debug */ = {
			isa = XCBuildConfiguration;
			buildSettings = {
				ALWAYS_EMBED_SWIFT_STANDARD_LIBRARIES = YES;
				CODE_SIGN_STYLE = Automatic;
				CURRENT_PROJECT_VERSION = 1;
				GENERATE_INFOPLIST_FILE = YES;
				MARKETING_VERSION = 1.0;
				PRODUCT_BUNDLE_IDENTIFIER = "dev.rvye.button-testUITests";
				PRODUCT_NAME = "$(TARGET_NAME)";
				SWIFT_EMIT_LOC_STRINGS = NO;
				SWIFT_VERSION = 5.0;
				TARGETED_DEVICE_FAMILY = "1,2";
				TEST_TARGET_NAME = "button test";
			};
			name = Debug;
		};
		EFF7D1BC29945A2B00419593 /* Release */ = {
			isa = XCBuildConfiguration;
			buildSettings = {
				ALWAYS_EMBED_SWIFT_STANDARD_LIBRARIES = YES;
				CODE_SIGN_STYLE = Automatic;
				CURRENT_PROJECT_VERSION = 1;
				GENERATE_INFOPLIST_FILE = YES;
				MARKETING_VERSION = 1.0;
				PRODUCT_BUNDLE_IDENTIFIER = "dev.rvye.button-testUITests";
				PRODUCT_NAME = "$(TARGET_NAME)";
				SWIFT_EMIT_LOC_STRINGS = NO;
				SWIFT_VERSION = 5.0;
				TARGETED_DEVICE_FAMILY = "1,2";
				TEST_TARGET_NAME = "button test";
			};
			name = Release;
		};
/* End XCBuildConfiguration section */

/* Begin XCConfigurationList section */
		EFF7D18B29945A2800419593 /* Build configuration list for PBXProject "button test" */ = {
			isa = XCConfigurationList;
			buildConfigurations = (
				EFF7D1B229945A2B00419593 /* Debug */,
				EFF7D1B329945A2B00419593 /* Release */,
			);
			defaultConfigurationIsVisible = 0;
			defaultConfigurationName = Release;
		};
		EFF7D1B429945A2B00419593 /* Build configuration list for PBXNativeTarget "button test" */ = {
			isa = XCConfigurationList;
			buildConfigurations = (
				EFF7D1B529945A2B00419593 /* Debug */,
				EFF7D1B629945A2B00419593 /* Release */,
			);
			defaultConfigurationIsVisible = 0;
			defaultConfigurationName = Release;
		};
		EFF7D1B729945A2B00419593 /* Build configuration list for PBXNativeTarget "button testTests" */ = {
			isa = XCConfigurationList;
			buildConfigurations = (
				EFF7D1B829945A2B00419593 /* Debug */,
				EFF7D1B929945A2B00419593 /* Release */,
			);
			defaultConfigurationIsVisible = 0;
			defaultConfigurationName = Release;
		};
		EFF7D1BA29945A2B00419593 /* Build configuration list for PBXNativeTarget "button testUITests" */ = {
			isa = XCConfigurationList;
			buildConfigurations = (
				EFF7D1BB29945A2B00419593 /* Debug */,
				EFF7D1BC29945A2B00419593 /* Release */,
			);
			defaultConfigurationIsVisible = 0;
			defaultConfigurationName = Release;
		};
/* End XCConfigurationList section */
	};
	rootObject = EFF7D18829945A2800419593 /* Project object */;
}
